// !$*UTF8*$!
{
	archiveVersion = 1;
	classes = {
	};
	objectVersion = 77;
	objects = {

/* Begin PBXBuildFile section */
		E08588462FD94DB8003B3E9D /* CoffeeConciergeService.swift in Sources */ = {isa = PBXBuildFile; fileRef = E08588452FD94DB8003B3E9D /* CoffeeConciergeService.swift */; };
		E08588482FD95597003B3E9D /* TallaAppIntents.swift in Sources */ = {isa = PBXBuildFile; fileRef = E08588472FD95597003B3E9D /* TallaAppIntents.swift */; };
		E085884A2FD9583B003B3E9D /* TallaWidgets.swift in Sources */ = {isa = PBXBuildFile; fileRef = E08588492FD9583B003B3E9D /* TallaWidgets.swift */; };
		E08588522FD959E3003B3E9D /* WidgetKit.framework in Frameworks */ = {isa = PBXBuildFile; fileRef = E08588512FD959E3003B3E9D /* WidgetKit.framework */; };
		E08588542FD959E3003B3E9D /* SwiftUI.framework in Frameworks */ = {isa = PBXBuildFile; fileRef = E08588532FD959E3003B3E9D /* SwiftUI.framework */; };
		E08588652FD959E5003B3E9D /* Talla WidgetsExtension.appex in Embed Foundation Extensions */ = {isa = PBXBuildFile; fileRef = E085884F2FD959E3003B3E9D /* Talla WidgetsExtension.appex */; settings = {ATTRIBUTES = (RemoveHeadersOnCopy, ); }; };
		E09687C93006F5AA001FBDAD /* Talla Watch Watch App.app in Embed Watch Content */ = {isa = PBXBuildFile; fileRef = E09687A93006F5A8001FBDAD /* Talla Watch Watch App.app */; settings = {ATTRIBUTES = (RemoveHeadersOnCopy, ); }; };
		E09687D93007968C001FBDAD /* WidgetKit.framework in Frameworks */ = {isa = PBXBuildFile; fileRef = E08588512FD959E3003B3E9D /* WidgetKit.framework */; };
		E09687DA3007968C001FBDAD /* SwiftUI.framework in Frameworks */ = {isa = PBXBuildFile; fileRef = E08588532FD959E3003B3E9D /* SwiftUI.framework */; };
		E09687E73007968E001FBDAD /* Talla Watch WidgetsExtension.appex in Embed Foundation Extensions */ = {isa = PBXBuildFile; fileRef = E09687D83007968C001FBDAD /* Talla Watch WidgetsExtension.appex */; settings = {ATTRIBUTES = (RemoveHeadersOnCopy, ); }; };
		FA10000130A0000000000001 /* Vendor/Mastercard/Gateway.xcframework in Frameworks */ = {isa = PBXBuildFile; fileRef = FA10000530A0000000000005 /* Vendor/Mastercard/Gateway.xcframework */; };
		FA10000230A0000000000002 /* Vendor/Mastercard/uSDK.xcframework in Frameworks */ = {isa = PBXBuildFile; fileRef = FA10000630A0000000000006 /* Vendor/Mastercard/uSDK.xcframework */; };
		FA10000330A0000000000003 /* Vendor/Mastercard/Gateway.xcframework in Embed Mastercard Frameworks */ = {isa = PBXBuildFile; fileRef = FA10000530A0000000000005 /* Vendor/Mastercard/Gateway.xcframework */; settings = {ATTRIBUTES = (CodeSignOnCopy, RemoveHeadersOnCopy, ); }; };
		FA10000430A0000000000004 /* Vendor/Mastercard/uSDK.xcframework in Embed Mastercard Frameworks */ = {isa = PBXBuildFile; fileRef = FA10000630A0000000000006 /* Vendor/Mastercard/uSDK.xcframework */; settings = {ATTRIBUTES = (CodeSignOnCopy, RemoveHeadersOnCopy, ); }; };
		FB20000130B0000000000001 /* Vendor/BenefitPay/BenefitInAppSDK.xcframework in Frameworks */ = {isa = PBXBuildFile; fileRef = FB20000330B0000000000003 /* Vendor/BenefitPay/BenefitInAppSDK.xcframework */; };
		FB20000230B0000000000002 /* Vendor/BenefitPay/BenefitInAppSDK.xcframework in Embed BenefitPay Framework */ = {isa = PBXBuildFile; fileRef = FB20000330B0000000000003 /* Vendor/BenefitPay/BenefitInAppSDK.xcframework */; settings = {ATTRIBUTES = (CodeSignOnCopy, RemoveHeadersOnCopy, ); }; };
		FD40000130D0000000000001 /* Vendor/Acaia/AcaiaSDK.xcframework in Frameworks */ = {isa = PBXBuildFile; fileRef = FD40000330D0000000000003 /* Vendor/Acaia/AcaiaSDK.xcframework */; };
/* End PBXBuildFile section */

/* Begin PBXContainerItemProxy section */
		E08588632FD959E5003B3E9D /* PBXContainerItemProxy */ = {
			isa = PBXContainerItemProxy;
			containerPortal = E08D10A12F66FF140092272C /* Project object */;
			proxyType = 1;
			remoteGlobalIDString = E085884E2FD959E3003B3E9D;
			remoteInfo = "Talla WidgetsExtension";
		};
		E08D10BB2F66FF170092272C /* PBXContainerItemProxy */ = {
			isa = PBXContainerItemProxy;
			containerPortal = E08D10A12F66FF140092272C /* Project object */;
			proxyType = 1;
			remoteGlobalIDString = E08D10A82F66FF140092272C;
			remoteInfo = "Talla Speciality";
		};
		E08D10C52F66FF170092272C /* PBXContainerItemProxy */ = {
			isa = PBXContainerItemProxy;
			containerPortal = E08D10A12F66FF140092272C /* Project object */;
			proxyType = 1;
			remoteGlobalIDString = E08D10A82F66FF140092272C;
			remoteInfo = "Talla Speciality";
		};
		E09687B63006F5AA001FBDAD /* PBXContainerItemProxy */ = {
			isa = PBXContainerItemProxy;
			containerPortal = E08D10A12F66FF140092272C /* Project object */;
			proxyType = 1;
			remoteGlobalIDString = E09687A83006F5A8001FBDAD;
			remoteInfo = "Talla Watch Watch App";
		};
		E09687C03006F5AA001FBDAD /* PBXContainerItemProxy */ = {
			isa = PBXContainerItemProxy;
			containerPortal = E08D10A12F66FF140092272C /* Project object */;
			proxyType = 1;
			remoteGlobalIDString = E09687A83006F5A8001FBDAD;
			remoteInfo = "Talla Watch Watch App";
		};
		E09687C73006F5AA001FBDAD /* PBXContainerItemProxy */ = {
			isa = PBXContainerItemProxy;
			containerPortal = E08D10A12F66FF140092272C /* Project object */;
			proxyType = 1;
			remoteGlobalIDString = E09687A83006F5A8001FBDAD;
			remoteInfo = "Talla Watch Watch App";
		};
		E09687E53007968E001FBDAD /* PBXContainerItemProxy */ = {
			isa = PBXContainerItemProxy;
			containerPortal = E08D10A12F66FF140092272C /* Project object */;
			proxyType = 1;
			remoteGlobalIDString = E09687D73007968C001FBDAD;
			remoteInfo = "Talla Watch WidgetsExtension";
		};
/* End PBXContainerItemProxy section */

/* Begin PBXCopyFilesBuildPhase section */
		E085886A2FD959E5003B3E9D /* Embed Foundation Extensions */ = {
			isa = PBXCopyFilesBuildPhase;
			buildActionMask = 2147483647;
			dstPath = "";
			dstSubfolderSpec = 13;
			files = (
				E08588652FD959E5003B3E9D /* Talla WidgetsExtension.appex in Embed Foundation Extensions */,
			);
			name = "Embed Foundation Extensions";
			runOnlyForDeploymentPostprocessing = 0;
		};
		E09687CD3006F5AA001FBDAD /* Embed Watch Content */ = {
			isa = PBXCopyFilesBuildPhase;
			buildActionMask = 2147483647;
			dstPath = "$(CONTENTS_FOLDER_PATH)/Watch";
			dstSubfolderSpec = 16;
			files = (
				E09687C93006F5AA001FBDAD /* Talla Watch Watch App.app in Embed Watch Content */,
			);
			name = "Embed Watch Content";
			runOnlyForDeploymentPostprocessing = 0;
		};
		E09687EC3007968E001FBDAD /* Embed Foundation Extensions */ = {
			isa = PBXCopyFilesBuildPhase;
			buildActionMask = 2147483647;
			dstPath = "";
			dstSubfolderSpec = 13;
			files = (
				E09687E73007968E001FBDAD /* Talla Watch WidgetsExtension.appex in Embed Foundation Extensions */,
			);
			name = "Embed Foundation Extensions";
			runOnlyForDeploymentPostprocessing = 0;
		};
		FA10000730A0000000000007 /* Embed Mastercard Frameworks */ = {
			isa = PBXCopyFilesBuildPhase;
			buildActionMask = 2147483647;
			dstPath = "";
			dstSubfolderSpec = 10;
			files = (
				FA10000330A0000000000003 /* Vendor/Mastercard/Gateway.xcframework in Embed Mastercard Frameworks */,
				FA10000430A0000000000004 /* Vendor/Mastercard/uSDK.xcframework in Embed Mastercard Frameworks */,
			);
			name = "Embed Mastercard Frameworks";
			runOnlyForDeploymentPostprocessing = 0;
		};
		FB20000430B0000000000004 /* Embed BenefitPay Framework */ = {
			isa = PBXCopyFilesBuildPhase;
			buildActionMask = 2147483647;
			dstPath = "";
			dstSubfolderSpec = 10;
			files = (
				FB20000230B0000000000002 /* Vendor/BenefitPay/BenefitInAppSDK.xcframework in Embed BenefitPay Framework */,
			);
			name = "Embed BenefitPay Framework";
			runOnlyForDeploymentPostprocessing = 0;
		};
/* End PBXCopyFilesBuildPhase section */

/* Begin PBXFileReference section */
		E06853D1300593D700D7DBC3 /* Talla WidgetsExtension.entitlements */ = {isa = PBXFileReference; lastKnownFileType = text.plist.entitlements; path = "Talla WidgetsExtension.entitlements"; sourceTree = "<group>"; };
		E08588452FD94DB8003B3E9D /* CoffeeConciergeService.swift */ = {isa = PBXFileReference; lastKnownFileType = sourcecode.swift; path = CoffeeConciergeService.swift; sourceTree = "<group>"; };
		E08588472FD95597003B3E9D /* TallaAppIntents.swift */ = {isa = PBXFileReference; lastKnownFileType = sourcecode.swift; path = TallaAppIntents.swift; sourceTree = "<group>"; };
		E08588492FD9583B003B3E9D /* TallaWidgets.swift */ = {isa = PBXFileReference; lastKnownFileType = sourcecode.swift; path = TallaWidgets.swift; sourceTree = "<group>"; };
		E085884F2FD959E3003B3E9D /* Talla WidgetsExtension.appex */ = {isa = PBXFileReference; explicitFileType = "wrapper.app-extension"; includeInIndex = 0; path = "Talla WidgetsExtension.appex"; sourceTree = BUILT_PRODUCTS_DIR; };
		E08588512FD959E3003B3E9D /* WidgetKit.framework */ = {isa = PBXFileReference; lastKnownFileType = wrapper.framework; name = WidgetKit.framework; path = System/Library/Frameworks/WidgetKit.framework; sourceTree = SDKROOT; };
		E08588532FD959E3003B3E9D /* SwiftUI.framework */ = {isa = PBXFileReference; lastKnownFileType = wrapper.framework; name = SwiftUI.framework; path = System/Library/Frameworks/SwiftUI.framework; sourceTree = SDKROOT; };
		E08D10A92F66FF140092272C /* Talla Speciality.app */ = {isa = PBXFileReference; explicitFileType = wrapper.application; includeInIndex = 0; path = "Talla Speciality.app"; sourceTree = BUILT_PRODUCTS_DIR; };
		FAAD000130E0000000000001 /* Talla Admin.app */ = {isa = PBXFileReference; explicitFileType = wrapper.application; includeInIndex = 0; path = "Talla Admin.app"; sourceTree = BUILT_PRODUCTS_DIR; };
		E08D10BA2F66FF170092272C /* Talla SpecialityTests.xctest */ = {isa = PBXFileReference; explicitFileType = wrapper.cfbundle; includeInIndex = 0; path = "Talla SpecialityTests.xctest"; sourceTree = BUILT_PRODUCTS_DIR; };
		E08D10C42F66FF170092272C /* Talla SpecialityUITests.xctest */ = {isa = PBXFileReference; explicitFileType = wrapper.cfbundle; includeInIndex = 0; path = "Talla SpecialityUITests.xctest"; sourceTree = BUILT_PRODUCTS_DIR; };
		E09687A93006F5A8001FBDAD /* Talla Watch Watch App.app */ = {isa = PBXFileReference; explicitFileType = wrapper.application; includeInIndex = 0; path = "Talla Watch Watch App.app"; sourceTree = BUILT_PRODUCTS_DIR; };
		E09687B53006F5AA001FBDAD /* Talla Watch Watch AppTests.xctest */ = {isa = PBXFileReference; explicitFileType = wrapper.cfbundle; includeInIndex = 0; path = "Talla Watch Watch AppTests.xctest"; sourceTree = BUILT_PRODUCTS_DIR; };
		E09687BF3006F5AA001FBDAD /* Talla Watch Watch AppUITests.xctest */ = {isa = PBXFileReference; explicitFileType = wrapper.cfbundle; includeInIndex = 0; path = "Talla Watch Watch AppUITests.xctest"; sourceTree = BUILT_PRODUCTS_DIR; };
		E09687D83007968C001FBDAD /* Talla Watch WidgetsExtension.appex */ = {isa = PBXFileReference; explicitFileType = "wrapper.app-extension"; includeInIndex = 0; path = "Talla Watch WidgetsExtension.appex"; sourceTree = BUILT_PRODUCTS_DIR; };
		FA10000530A0000000000005 /* Vendor/Mastercard/Gateway.xcframework */ = {isa = PBXFileReference; lastKnownFileType = wrapper.xcframework; path = Vendor/Mastercard/Gateway.xcframework; sourceTree = "<group>"; };
		FA10000630A0000000000006 /* Vendor/Mastercard/uSDK.xcframework */ = {isa = PBXFileReference; lastKnownFileType = wrapper.xcframework; path = Vendor/Mastercard/uSDK.xcframework; sourceTree = "<group>"; };
		FB20000330B0000000000003 /* Vendor/BenefitPay/BenefitInAppSDK.xcframework */ = {isa = PBXFileReference; lastKnownFileType = wrapper.xcframework; path = Vendor/BenefitPay/BenefitInAppSDK.xcframework; sourceTree = "<group>"; };
		FC30000130C0000000000001 /* Config/BenefitPay.xcconfig */ = {isa = PBXFileReference; lastKnownFileType = text.xcconfig; path = Config/BenefitPay.xcconfig; sourceTree = "<group>"; };
		FD40000330D0000000000003 /* Vendor/Acaia/AcaiaSDK.xcframework */ = {isa = PBXFileReference; lastKnownFileType = wrapper.xcframework; path = Vendor/Acaia/AcaiaSDK.xcframework; sourceTree = "<group>"; };
/* End PBXFileReference section */

/* Begin PBXFileSystemSynchronizedBuildFileExceptionSet section */
		FAAD000230E0000000000002 /* Exceptions for "Talla Admin" folder in "Talla Admin" target */ = {
			isa = PBXFileSystemSynchronizedBuildFileExceptionSet;
			membershipExceptions = (
				Info.plist,
			);
			target = FAAD000730E0000000000007 /* Talla Admin */;
		};
		E08588692FD959E5003B3E9D /* Exceptions for "Talla Widgets" folder in "Talla WidgetsExtension" target */ = {
			isa = PBXFileSystemSynchronizedBuildFileExceptionSet;
			membershipExceptions = (
				Info.plist,
			);
			target = E085884E2FD959E3003B3E9D /* Talla WidgetsExtension */;
		};
		E08D10CC2F66FF170092272C /* Exceptions for "Talla Speciality" folder in "Talla Speciality" target */ = {
			isa = PBXFileSystemSynchronizedBuildFileExceptionSet;
			membershipExceptions = (
				Info.plist,
			);
			target = E08D10A82F66FF140092272C /* Talla Speciality */;
		};
		E09687EB3007968E001FBDAD /* Exceptions for "Talla Watch Widgets" folder in "Talla Watch WidgetsExtension" target */ = {
			isa = PBXFileSystemSynchronizedBuildFileExceptionSet;
			membershipExceptions = (
				Info.plist,
			);
			target = E09687D73007968C001FBDAD /* Talla Watch WidgetsExtension */;
		};
/* End PBXFileSystemSynchronizedBuildFileExceptionSet section */

/* Begin PBXFileSystemSynchronizedRootGroup section */
		FAAD000330E0000000000003 /* Talla Admin */ = {
			isa = PBXFileSystemSynchronizedRootGroup;
			exceptions = (
				FAAD000230E0000000000002 /* Exceptions for "Talla Admin" folder in "Talla Admin" target */,
			);
			path = "Talla Admin";
			sourceTree = "<group>";
		};
		E08588552FD959E3003B3E9D /* Talla Widgets */ = {
			isa = PBXFileSystemSynchronizedRootGroup;
			exceptions = (
				E08588692FD959E5003B3E9D /* Exceptions for "Talla Widgets" folder in "Talla WidgetsExtension" target */,
			);
			path = "Talla Widgets";
			sourceTree = "<group>";
		};
		E08D10AB2F66FF140092272C /* Talla Speciality */ = {
			isa = PBXFileSystemSynchronizedRootGroup;
			exceptions = (
				E08D10CC2F66FF170092272C /* Exceptions for "Talla Speciality" folder in "Talla Speciality" target */,
			);
			path = "Talla Speciality";
			sourceTree = "<group>";
		};
		E08D10BD2F66FF170092272C /* Talla SpecialityTests */ = {
			isa = PBXFileSystemSynchronizedRootGroup;
			path = "Talla SpecialityTests";
			sourceTree = "<group>";
		};
		E08D10C72F66FF170092272C /* Talla SpecialityUITests */ = {
			isa = PBXFileSystemSynchronizedRootGroup;
			path = "Talla SpecialityUITests";
			sourceTree = "<group>";
		};
		E09687AA3006F5A8001FBDAD /* Talla Watch Watch App */ = {
			isa = PBXFileSystemSynchronizedRootGroup;
			path = "Talla Watch Watch App";
			sourceTree = "<group>";
		};
		E09687B83006F5AA001FBDAD /* Talla Watch Watch AppTests */ = {
			isa = PBXFileSystemSynchronizedRootGroup;
			path = "Talla Watch Watch AppTests";
			sourceTree = "<group>";
		};
		E09687C23006F5AA001FBDAD /* Talla Watch Watch AppUITests */ = {
			isa = PBXFileSystemSynchronizedRootGroup;
			path = "Talla Watch Watch AppUITests";
			sourceTree = "<group>";
		};
		E09687DB3007968C001FBDAD /* Talla Watch Widgets */ = {
			isa = PBXFileSystemSynchronizedRootGroup;
			exceptions = (
				E09687EB3007968E001FBDAD /* Exceptions for "Talla Watch Widgets" folder in "Talla Watch WidgetsExtension" target */,
			);
			path = "Talla Watch Widgets";
			sourceTree = "<group>";
		};
/* End PBXFileSystemSynchronizedRootGroup section */

/* Begin PBXFrameworksBuildPhase section */
		FAAD000430E0000000000004 /* Frameworks */ = {
			isa = PBXFrameworksBuildPhase;
			buildActionMask = 2147483647;
			files = (
			);
			runOnlyForDeploymentPostprocessing = 0;
		};
		E085884C2FD959E3003B3E9D /* Frameworks */ = {
			isa = PBXFrameworksBuildPhase;
			buildActionMask = 2147483647;
			files = (
				E08588542FD959E3003B3E9D /* SwiftUI.framework in Frameworks */,
				E08588522FD959E3003B3E9D /* WidgetKit.framework in Frameworks */,
			);
			runOnlyForDeploymentPostprocessing = 0;
		};
		E08D10A62F66FF140092272C /* Frameworks */ = {
			isa = PBXFrameworksBuildPhase;
			buildActionMask = 2147483647;
			files = (
				FD40000130D0000000000001 /* Vendor/Acaia/AcaiaSDK.xcframework in Frameworks */,
				FB20000130B0000000000001 /* Vendor/BenefitPay/BenefitInAppSDK.xcframework in Frameworks */,
				FA10000130A0000000000001 /* Vendor/Mastercard/Gateway.xcframework in Frameworks */,
				FA10000230A0000000000002 /* Vendor/Mastercard/uSDK.xcframework in Frameworks */,
			);
			runOnlyForDeploymentPostprocessing = 0;
		};
		E08D10B72F66FF170092272C /* Frameworks */ = {
			isa = PBXFrameworksBuildPhase;
			buildActionMask = 2147483647;
			files = (
			);
			runOnlyForDeploymentPostprocessing = 0;
		};
		E08D10C12F66FF170092272C /* Frameworks */ = {
			isa = PBXFrameworksBuildPhase;
			buildActionMask = 2147483647;
			files = (
			);
			runOnlyForDeploymentPostprocessing = 0;
		};
		E09687A63006F5A8001FBDAD /* Frameworks */ = {
			isa = PBXFrameworksBuildPhase;
			buildActionMask = 2147483647;
			files = (
			);
			runOnlyForDeploymentPostprocessing = 0;
		};
		E09687B23006F5AA001FBDAD /* Frameworks */ = {
			isa = PBXFrameworksBuildPhase;
			buildActionMask = 2147483647;
			files = (
			);
			runOnlyForDeploymentPostprocessing = 0;
		};
		E09687BC3006F5AA001FBDAD /* Frameworks */ = {
			isa = PBXFrameworksBuildPhase;
			buildActionMask = 2147483647;
			files = (
			);
			runOnlyForDeploymentPostprocessing = 0;
		};
		E09687D53007968C001FBDAD /* Frameworks */ = {
			isa = PBXFrameworksBuildPhase;
			buildActionMask = 2147483647;
			files = (
				E09687DA3007968C001FBDAD /* SwiftUI.framework in Frameworks */,
				E09687D93007968C001FBDAD /* WidgetKit.framework in Frameworks */,
			);
			runOnlyForDeploymentPostprocessing = 0;
		};
/* End PBXFrameworksBuildPhase section */

/* Begin PBXGroup section */
		E08588502FD959E3003B3E9D /* Frameworks */ = {
			isa = PBXGroup;
			children = (
				FD40000330D0000000000003 /* Vendor/Acaia/AcaiaSDK.xcframework */,
				FB20000330B0000000000003 /* Vendor/BenefitPay/BenefitInAppSDK.xcframework */,
				FA10000530A0000000000005 /* Vendor/Mastercard/Gateway.xcframework */,
				FA10000630A0000000000006 /* Vendor/Mastercard/uSDK.xcframework */,
				E08588512FD959E3003B3E9D /* WidgetKit.framework */,
				E08588532FD959E3003B3E9D /* SwiftUI.framework */,
			);
			name = Frameworks;
			sourceTree = "<group>";
		};
		E08D10A02F66FF140092272C = {
			isa = PBXGroup;
			children = (
				FAAD000330E0000000000003 /* Talla Admin */,
				FC30000130C0000000000001 /* Config/BenefitPay.xcconfig */,
				E06853D1300593D700D7DBC3 /* Talla WidgetsExtension.entitlements */,
				E08D10AB2F66FF140092272C /* Talla Speciality */,
				E08D10BD2F66FF170092272C /* Talla SpecialityTests */,
				E08D10C72F66FF170092272C /* Talla SpecialityUITests */,
				E08588552FD959E3003B3E9D /* Talla Widgets */,
				E09687AA3006F5A8001FBDAD /* Talla Watch Watch App */,
				E09687B83006F5AA001FBDAD /* Talla Watch Watch AppTests */,
				E09687C23006F5AA001FBDAD /* Talla Watch Watch AppUITests */,
				E09687DB3007968C001FBDAD /* Talla Watch Widgets */,
				E08588502FD959E3003B3E9D /* Frameworks */,
				E08D10AA2F66FF140092272C /* Products */,
				E08588452FD94DB8003B3E9D /* CoffeeConciergeService.swift */,
				E08588472FD95597003B3E9D /* TallaAppIntents.swift */,
				E08588492FD9583B003B3E9D /* TallaWidgets.swift */,
			);
			sourceTree = "<group>";
		};
		E08D10AA2F66FF140092272C /* Products */ = {
			isa = PBXGroup;
			children = (
				FAAD000130E0000000000001 /* Talla Admin.app */,
				E08D10A92F66FF140092272C /* Talla Speciality.app */,
				E08D10BA2F66FF170092272C /* Talla SpecialityTests.xctest */,
				E08D10C42F66FF170092272C /* Talla SpecialityUITests.xctest */,
				E085884F2FD959E3003B3E9D /* Talla WidgetsExtension.appex */,
				E09687A93006F5A8001FBDAD /* Talla Watch Watch App.app */,
				E09687B53006F5AA001FBDAD /* Talla Watch Watch AppTests.xctest */,
				E09687BF3006F5AA001FBDAD /* Talla Watch Watch AppUITests.xctest */,
				E09687D83007968C001FBDAD /* Talla Watch WidgetsExtension.appex */,
			);
			name = Products;
			sourceTree = "<group>";
		};
/* End PBXGroup section */

/* Begin PBXNativeTarget section */
		FAAD000730E0000000000007 /* Talla Admin */ = {
			isa = PBXNativeTarget;
			buildConfigurationList = FAAD000A30E000000000000A /* Build configuration list for PBXNativeTarget "Talla Admin" */;
			buildPhases = (
				FAAD000530E0000000000005 /* Sources */,
				FAAD000430E0000000000004 /* Frameworks */,
				FAAD000630E0000000000006 /* Resources */,
			);
			buildRules = (
			);
			dependencies = (
			);
			fileSystemSynchronizedGroups = (
				FAAD000330E0000000000003 /* Talla Admin */,
			);
			name = "Talla Admin";
			packageProductDependencies = (
			);
			productName = "Talla Admin";
			productReference = FAAD000130E0000000000001 /* Talla Admin.app */;
			productType = "com.apple.product-type.application";
		};
		E085884E2FD959E3003B3E9D /* Talla WidgetsExtension */ = {
			isa = PBXNativeTarget;
			buildConfigurationList = E08588662FD959E5003B3E9D /* Build configuration list for PBXNativeTarget "Talla WidgetsExtension" */;
			buildPhases = (
				E085884B2FD959E3003B3E9D /* Sources */,
				E085884C2FD959E3003B3E9D /* Frameworks */,
				E085884D2FD959E3003B3E9D /* Resources */,
			);
			buildRules = (
			);
			dependencies = (
			);
			fileSystemSynchronizedGroups = (
				E08588552FD959E3003B3E9D /* Talla Widgets */,
			);
			name = "Talla WidgetsExtension";
			packageProductDependencies = (
			);
			productName = "Talla WidgetsExtension";
			productReference = E085884F2FD959E3003B3E9D /* Talla WidgetsExtension.appex */;
			productType = "com.apple.product-type.app-extension";
		};
		E08D10A82F66FF140092272C /* Talla Speciality */ = {
			isa = PBXNativeTarget;
			buildConfigurationList = E08D10CD2F66FF170092272C /* Build configuration list for PBXNativeTarget "Talla Speciality" */;
			buildPhases = (
				E08D10A52F66FF140092272C /* Sources */,
				E08D10A62F66FF140092272C /* Frameworks */,
				FA10000730A0000000000007 /* Embed Mastercard Frameworks */,
				FB20000430B0000000000004 /* Embed BenefitPay Framework */,
				E08D10A72F66FF140092272C /* Resources */,
				E085886A2FD959E5003B3E9D /* Embed Foundation Extensions */,
				E09687CD3006F5AA001FBDAD /* Embed Watch Content */,
			);
			buildRules = (
			);
			dependencies = (
				E08588642FD959E5003B3E9D /* PBXTargetDependency */,
				E09687C83006F5AA001FBDAD /* PBXTargetDependency */,
			);
			fileSystemSynchronizedGroups = (
				E08D10AB2F66FF140092272C /* Talla Speciality */,
			);
			name = "Talla Speciality";
			packageProductDependencies = (
			);
			productName = "Talla Speciality";
			productReference = E08D10A92F66FF140092272C /* Talla Speciality.app */;
			productType = "com.apple.product-type.application";
		};
		E08D10B92F66FF170092272C /* Talla SpecialityTests */ = {
			isa = PBXNativeTarget;
			buildConfigurationList = E08D10D22F66FF170092272C /* Build configuration list for PBXNativeTarget "Talla SpecialityTests" */;
			buildPhases = (
				E08D10B62F66FF170092272C /* Sources */,
				E08D10B72F66FF170092272C /* Frameworks */,
				E08D10B82F66FF170092272C /* Resources */,
			);
			buildRules = (
			);
			dependencies = (
				E08D10BC2F66FF170092272C /* PBXTargetDependency */,
			);
			fileSystemSynchronizedGroups = (
				E08D10BD2F66FF170092272C /* Talla SpecialityTests */,
			);
			name = "Talla SpecialityTests";
			packageProductDependencies = (
			);
			productName = "Talla SpecialityTests";
			productReference = E08D10BA2F66FF170092272C /* Talla SpecialityTests.xctest */;
			productType = "com.apple.product-type.bundle.unit-test";
		};
		E08D10C32F66FF170092272C /* Talla SpecialityUITests */ = {
			isa = PBXNativeTarget;
			buildConfigurationList = E08D10D52F66FF170092272C /* Build configuration list for PBXNativeTarget "Talla SpecialityUITests" */;
			buildPhases = (
				E08D10C02F66FF170092272C /* Sources */,
				E08D10C12F66FF170092272C /* Frameworks */,
				E08D10C22F66FF170092272C /* Resources */,
			);
			buildRules = (
			);
			dependencies = (
				E08D10C62F66FF170092272C /* PBXTargetDependency */,
			);
			fileSystemSynchronizedGroups = (
				E08D10C72F66FF170092272C /* Talla SpecialityUITests */,
			);
			name = "Talla SpecialityUITests";
			packageProductDependencies = (
			);
			productName = "Talla SpecialityUITests";
			productReference = E08D10C42F66FF170092272C /* Talla SpecialityUITests.xctest */;
			productType = "com.apple.product-type.bundle.ui-testing";
		};
		E09687A83006F5A8001FBDAD /* Talla Watch Watch App */ = {
			isa = PBXNativeTarget;
			buildConfigurationList = E09687CA3006F5AA001FBDAD /* Build configuration list for PBXNativeTarget "Talla Watch Watch App" */;
			buildPhases = (
				E09687A53006F5A8001FBDAD /* Sources */,
				E09687A63006F5A8001FBDAD /* Frameworks */,
				E09687A73006F5A8001FBDAD /* Resources */,
				E09687EC3007968E001FBDAD /* Embed Foundation Extensions */,
			);
			buildRules = (
			);
			dependencies = (
				E09687E63007968E001FBDAD /* PBXTargetDependency */,
			);
			fileSystemSynchronizedGroups = (
				E09687AA3006F5A8001FBDAD /* Talla Watch Watch App */,
			);
			name = "Talla Watch Watch App";
			packageProductDependencies = (
			);
			productName = "Talla Watch Watch App";
			productReference = E09687A93006F5A8001FBDAD /* Talla Watch Watch App.app */;
			productType = "com.apple.product-type.application";
		};
		E09687B43006F5AA001FBDAD /* Talla Watch Watch AppTests */ = {
			isa = PBXNativeTarget;
			buildConfigurationList = E09687CE3006F5AA001FBDAD /* Build configuration list for PBXNativeTarget "Talla Watch Watch AppTests" */;
			buildPhases = (
				E09687B13006F5AA001FBDAD /* Sources */,
				E09687B23006F5AA001FBDAD /* Frameworks */,
				E09687B33006F5AA001FBDAD /* Resources */,
			);
			buildRules = (
			);
			dependencies = (
				E09687B73006F5AA001FBDAD /* PBXTargetDependency */,
			);
			fileSystemSynchronizedGroups = (
				E09687B83006F5AA001FBDAD /* Talla Watch Watch AppTests */,
			);
			name = "Talla Watch Watch AppTests";
			packageProductDependencies = (
			);
			productName = "Talla Watch Watch AppTests";
			productReference = E09687B53006F5AA001FBDAD /* Talla Watch Watch AppTests.xctest */;
			productType = "com.apple.product-type.bundle.unit-test";
		};
		E09687BE3006F5AA001FBDAD /* Talla Watch Watch AppUITests */ = {
			isa = PBXNativeTarget;
			buildConfigurationList = E09687D13006F5AA001FBDAD /* Build configuration list for PBXNativeTarget "Talla Watch Watch AppUITests" */;
			buildPhases = (
				E09687BB3006F5AA001FBDAD /* Sources */,
				E09687BC3006F5AA001FBDAD /* Frameworks */,
				E09687BD3006F5AA001FBDAD /* Resources */,
			);
			buildRules = (
			);
			dependencies = (
				E09687C13006F5AA001FBDAD /* PBXTargetDependency */,
			);
			fileSystemSynchronizedGroups = (
				E09687C23006F5AA001FBDAD /* Talla Watch Watch AppUITests */,
			);
			name = "Talla Watch Watch AppUITests";
			packageProductDependencies = (
			);
			productName = "Talla Watch Watch AppUITests";
			productReference = E09687BF3006F5AA001FBDAD /* Talla Watch Watch AppUITests.xctest */;
			productType = "com.apple.product-type.bundle.ui-testing";
		};
		E09687D73007968C001FBDAD /* Talla Watch WidgetsExtension */ = {
			isa = PBXNativeTarget;
			buildConfigurationList = E09687E83007968E001FBDAD /* Build configuration list for PBXNativeTarget "Talla Watch WidgetsExtension" */;
			buildPhases = (
				E09687D43007968C001FBDAD /* Sources */,
				E09687D53007968C001FBDAD /* Frameworks */,
				E09687D63007968C001FBDAD /* Resources */,
			);
			buildRules = (
			);
			dependencies = (
			);
			fileSystemSynchronizedGroups = (
				E09687DB3007968C001FBDAD /* Talla Watch Widgets */,
			);
			name = "Talla Watch WidgetsExtension";
			packageProductDependencies = (
			);
			productName = "Talla Watch WidgetsExtension";
			productReference = E09687D83007968C001FBDAD /* Talla Watch WidgetsExtension.appex */;
			productType = "com.apple.product-type.app-extension";
		};
/* End PBXNativeTarget section */

/* Begin PBXProject section */
		E08D10A12F66FF140092272C /* Project object */ = {
			isa = PBXProject;
			attributes = {
				BuildIndependentTargetsInParallel = 1;
				LastSwiftUpdateCheck = 2660;
				LastUpgradeCheck = 2660;
				TargetAttributes = {
					FAAD000730E0000000000007 = {
						CreatedOnToolsVersion = 26.6;
						SystemCapabilities = {
							com.apple.Push = {
								enabled = 1;
							};
						};
					};
					E085884E2FD959E3003B3E9D = {
						CreatedOnToolsVersion = 26.5;
					};
					E08D10A82F66FF140092272C = {
						CreatedOnToolsVersion = 26.3;
						SystemCapabilities = {
							com.apple.AppAttest = {
								enabled = 1;
							};
							com.apple.AssociatedDomains = {
								enabled = 1;
							};
							com.apple.NearFieldCommunicationTagReading = {
								enabled = 1;
							};
						};
					};
					E08D10B92F66FF170092272C = {
						CreatedOnToolsVersion = 26.3;
						TestTargetID = E08D10A82F66FF140092272C;
					};
					E08D10C32F66FF170092272C = {
						CreatedOnToolsVersion = 26.3;
						TestTargetID = E08D10A82F66FF140092272C;
					};
					E09687A83006F5A8001FBDAD = {
						CreatedOnToolsVersion = 26.6;
					};
					E09687B43006F5AA001FBDAD = {
						CreatedOnToolsVersion = 26.6;
						TestTargetID = E09687A83006F5A8001FBDAD;
					};
					E09687BE3006F5AA001FBDAD = {
						CreatedOnToolsVersion = 26.6;
						TestTargetID = E09687A83006F5A8001FBDAD;
					};
					E09687D73007968C001FBDAD = {
						CreatedOnToolsVersion = 26.6;
					};
				};
			};
			buildConfigurationList = E08D10A42F66FF140092272C /* Build configuration list for PBXProject "Talla Speciality" */;
			developmentRegion = en;
			hasScannedForEncodings = 0;
			knownRegions = (
				en,
				Base,
			);
			mainGroup = E08D10A02F66FF140092272C;
			minimizedProjectReferenceProxies = 1;
			preferredProjectObjectVersion = 77;
			productRefGroup = E08D10AA2F66FF140092272C /* Products */;
			projectDirPath = "";
			projectRoot = "";
			targets = (
				FAAD000730E0000000000007 /* Talla Admin */,
				E08D10A82F66FF140092272C /* Talla Speciality */,
				E08D10B92F66FF170092272C /* Talla SpecialityTests */,
				E08D10C32F66FF170092272C /* Talla SpecialityUITests */,
				E085884E2FD959E3003B3E9D /* Talla WidgetsExtension */,
				E09687A83006F5A8001FBDAD /* Talla Watch Watch App */,
				E09687B43006F5AA001FBDAD /* Talla Watch Watch AppTests */,
				E09687BE3006F5AA001FBDAD /* Talla Watch Watch AppUITests */,
				E09687D73007968C001FBDAD /* Talla Watch WidgetsExtension */,
			);
		};
/* End PBXProject section */

/* Begin PBXResourcesBuildPhase section */
		FAAD000630E0000000000006 /* Resources */ = {
			isa = PBXResourcesBuildPhase;
			buildActionMask = 2147483647;
			files = (
			);
			runOnlyForDeploymentPostprocessing = 0;
		};
		E085884D2FD959E3003B3E9D /* Resources */ = {
			isa = PBXResourcesBuildPhase;
			buildActionMask = 2147483647;
			files = (
			);
			runOnlyForDeploymentPostprocessing = 0;
		};
		E08D10A72F66FF140092272C /* Resources */ = {
			isa = PBXResourcesBuildPhase;
			buildActionMask = 2147483647;
			files = (
			);
			runOnlyForDeploymentPostprocessing = 0;
		};
		E08D10B82F66FF170092272C /* Resources */ = {
			isa = PBXResourcesBuildPhase;
			buildActionMask = 2147483647;
			files = (
			);
			runOnlyForDeploymentPostprocessing = 0;
		};
		E08D10C22F66FF170092272C /* Resources */ = {
			isa = PBXResourcesBuildPhase;
			buildActionMask = 2147483647;
			files = (
			);
			runOnlyForDeploymentPostprocessing = 0;
		};
		E09687A73006F5A8001FBDAD /* Resources */ = {
			isa = PBXResourcesBuildPhase;
			buildActionMask = 2147483647;
			files = (
			);
			runOnlyForDeploymentPostprocessing = 0;
		};
		E09687B33006F5AA001FBDAD /* Resources */ = {
			isa = PBXResourcesBuildPhase;
			buildActionMask = 2147483647;
			files = (
			);
			runOnlyForDeploymentPostprocessing = 0;
		};
		E09687BD3006F5AA001FBDAD /* Resources */ = {
			isa = PBXResourcesBuildPhase;
			buildActionMask = 2147483647;
			files = (
			);
			runOnlyForDeploymentPostprocessing = 0;
		};
		E09687D63007968C001FBDAD /* Resources */ = {
			isa = PBXResourcesBuildPhase;
			buildActionMask = 2147483647;
			files = (
			);
			runOnlyForDeploymentPostprocessing = 0;
		};
/* End PBXResourcesBuildPhase section */

/* Begin PBXSourcesBuildPhase section */
		FAAD000530E0000000000005 /* Sources */ = {
			isa = PBXSourcesBuildPhase;
			buildActionMask = 2147483647;
			files = (
			);
			runOnlyForDeploymentPostprocessing = 0;
		};
		E085884B2FD959E3003B3E9D /* Sources */ = {
			isa = PBXSourcesBuildPhase;
			buildActionMask = 2147483647;
			files = (
			);
			runOnlyForDeploymentPostprocessing = 0;
		};
		E08D10A52F66FF140092272C /* Sources */ = {
			isa = PBXSourcesBuildPhase;
			buildActionMask = 2147483647;
			files = (
				E085884A2FD9583B003B3E9D /* TallaWidgets.swift in Sources */,
				E08588482FD95597003B3E9D /* TallaAppIntents.swift in Sources */,
				E08588462FD94DB8003B3E9D /* CoffeeConciergeService.swift in Sources */,
			);
			runOnlyForDeploymentPostprocessing = 0;
		};
		E08D10B62F66FF170092272C /* Sources */ = {
			isa = PBXSourcesBuildPhase;
			buildActionMask = 2147483647;
			files = (
			);
			runOnlyForDeploymentPostprocessing = 0;
		};
		E08D10C02F66FF170092272C /* Sources */ = {
			isa = PBXSourcesBuildPhase;
			buildActionMask = 2147483647;
			files = (
			);
			runOnlyForDeploymentPostprocessing = 0;
		};
		E09687A53006F5A8001FBDAD /* Sources */ = {
			isa = PBXSourcesBuildPhase;
			buildActionMask = 2147483647;
			files = (
			);
			runOnlyForDeploymentPostprocessing = 0;
		};
		E09687B13006F5AA001FBDAD /* Sources */ = {
			isa = PBXSourcesBuildPhase;
			buildActionMask = 2147483647;
			files = (
			);
			runOnlyForDeploymentPostprocessing = 0;
		};
		E09687BB3006F5AA001FBDAD /* Sources */ = {
			isa = PBXSourcesBuildPhase;
			buildActionMask = 2147483647;
			files = (
			);
			runOnlyForDeploymentPostprocessing = 0;
		};
		E09687D43007968C001FBDAD /* Sources */ = {
			isa = PBXSourcesBuildPhase;
			buildActionMask = 2147483647;
			files = (
			);
			runOnlyForDeploymentPostprocessing = 0;
		};
/* End PBXSourcesBuildPhase section */

/* Begin PBXTargetDependency section */
		E08588642FD959E5003B3E9D /* PBXTargetDependency */ = {
			isa = PBXTargetDependency;
			target = E085884E2FD959E3003B3E9D /* Talla WidgetsExtension */;
			targetProxy = E08588632FD959E5003B3E9D /* PBXContainerItemProxy */;
		};
		E08D10BC2F66FF170092272C /* PBXTargetDependency */ = {
			isa = PBXTargetDependency;
			target = E08D10A82F66FF140092272C /* Talla Speciality */;
			targetProxy = E08D10BB2F66FF170092272C /* PBXContainerItemProxy */;
		};
		E08D10C62F66FF170092272C /* PBXTargetDependency */ = {
			isa = PBXTargetDependency;
			target = E08D10A82F66FF140092272C /* Talla Speciality */;
			targetProxy = E08D10C52F66FF170092272C /* PBXContainerItemProxy */;
		};
		E09687B73006F5AA001FBDAD /* PBXTargetDependency */ = {
			isa = PBXTargetDependency;
			target = E09687A83006F5A8001FBDAD /* Talla Watch Watch App */;
			targetProxy = E09687B63006F5AA001FBDAD /* PBXContainerItemProxy */;
		};
		E09687C13006F5AA001FBDAD /* PBXTargetDependency */ = {
			isa = PBXTargetDependency;
			target = E09687A83006F5A8001FBDAD /* Talla Watch Watch App */;
			targetProxy = E09687C03006F5AA001FBDAD /* PBXContainerItemProxy */;
		};
		E09687C83006F5AA001FBDAD /* PBXTargetDependency */ = {
			isa = PBXTargetDependency;
			target = E09687A83006F5A8001FBDAD /* Talla Watch Watch App */;
			targetProxy = E09687C73006F5AA001FBDAD /* PBXContainerItemProxy */;
		};
		E09687E63007968E001FBDAD /* PBXTargetDependency */ = {
			isa = PBXTargetDependency;
			target = E09687D73007968C001FBDAD /* Talla Watch WidgetsExtension */;
			targetProxy = E09687E53007968E001FBDAD /* PBXContainerItemProxy */;
		};
/* End PBXTargetDependency section */

/* Begin XCBuildConfiguration section */
		FAAD000830E0000000000008 /* Debug */ = {
			isa = XCBuildConfiguration;
			buildSettings = {
				ASSETCATALOG_COMPILER_APPICON_NAME = AppIcon;
				APS_ENVIRONMENT = development;
				CODE_SIGN_ENTITLEMENTS = "Talla Admin/Talla Admin.entitlements";
				CODE_SIGN_STYLE = Automatic;
				CURRENT_PROJECT_VERSION = 6;
				DEVELOPMENT_TEAM = TAG9WXY85M;
				ENABLE_PREVIEWS = YES;
				GENERATE_INFOPLIST_FILE = YES;
				INFOPLIST_FILE = "Talla Admin/Info.plist";
				INFOPLIST_KEY_CFBundleDisplayName = "Talla Admin";
				INFOPLIST_KEY_LSApplicationCategoryType = "public.app-category.business";
				"INFOPLIST_KEY_UIApplicationSceneManifest_Generation[sdk=iphoneos*]" = YES;
				"INFOPLIST_KEY_UIApplicationSceneManifest_Generation[sdk=iphonesimulator*]" = YES;
				"INFOPLIST_KEY_UILaunchScreen_Generation[sdk=iphoneos*]" = YES;
				"INFOPLIST_KEY_UILaunchScreen_Generation[sdk=iphonesimulator*]" = YES;
				INFOPLIST_KEY_UISupportedInterfaceOrientations = "UIInterfaceOrientationPortrait UIInterfaceOrientationLandscapeLeft UIInterfaceOrientationLandscapeRight";
				"INFOPLIST_KEY_UISupportedInterfaceOrientations_iPad" = "UIInterfaceOrientationPortrait UIInterfaceOrientationPortraitUpsideDown UIInterfaceOrientationLandscapeLeft UIInterfaceOrientationLandscapeRight";
				IPHONEOS_DEPLOYMENT_TARGET = 17.0;
				LD_RUNPATH_SEARCH_PATHS = "@executable_path/Frameworks";
				MARKETING_VERSION = 1.0;
				PRODUCT_BUNDLE_IDENTIFIER = "Talla-Speciality.Talla-Admin";
				PRODUCT_NAME = "$(TARGET_NAME)";
				SDKROOT = iphoneos;
				SUPPORTED_PLATFORMS = "iphoneos iphonesimulator";
				SUPPORTS_MACCATALYST = NO;
				SWIFT_APPROACHABLE_CONCURRENCY = YES;
				SWIFT_DEFAULT_ACTOR_ISOLATION = MainActor;
				SWIFT_EMIT_LOC_STRINGS = YES;
				SWIFT_UPCOMING_FEATURE_MEMBER_IMPORT_VISIBILITY = YES;
				SWIFT_VERSION = 5.0;
				TARGETED_DEVICE_FAMILY = "1,2";
			};
			name = Debug;
		};
		FAAD000930E0000000000009 /* Release */ = {
			isa = XCBuildConfiguration;
			buildSettings = {
				ASSETCATALOG_COMPILER_APPICON_NAME = AppIcon;
				APS_ENVIRONMENT = production;
				CODE_SIGN_ENTITLEMENTS = "Talla Admin/Talla Admin.entitlements";
				CODE_SIGN_STYLE = Automatic;
				CURRENT_PROJECT_VERSION = 6;
				DEVELOPMENT_TEAM = TAG9WXY85M;
				ENABLE_PREVIEWS = YES;
				GENERATE_INFOPLIST_FILE = YES;
				INFOPLIST_FILE = "Talla Admin/Info.plist";
				INFOPLIST_KEY_CFBundleDisplayName = "Talla Admin";
				INFOPLIST_KEY_LSApplicationCategoryType = "public.app-category.business";
				"INFOPLIST_KEY_UIApplicationSceneManifest_Generation[sdk=iphoneos*]" = YES;
				"INFOPLIST_KEY_UIApplicationSceneManifest_Generation[sdk=iphonesimulator*]" = YES;
				"INFOPLIST_KEY_UILaunchScreen_Generation[sdk=iphoneos*]" = YES;
				"INFOPLIST_KEY_UILaunchScreen_Generation[sdk=iphonesimulator*]" = YES;
				INFOPLIST_KEY_UISupportedInterfaceOrientations = "UIInterfaceOrientationPortrait UIInterfaceOrientationLandscapeLeft UIInterfaceOrientationLandscapeRight";
				"INFOPLIST_KEY_UISupportedInterfaceOrientations_iPad" = "UIInterfaceOrientationPortrait UIInterfaceOrientationPortraitUpsideDown UIInterfaceOrientationLandscapeLeft UIInterfaceOrientationLandscapeRight";
				IPHONEOS_DEPLOYMENT_TARGET = 17.0;
				LD_RUNPATH_SEARCH_PATHS = "@executable_path/Frameworks";
				MARKETING_VERSION = 1.0;
				PRODUCT_BUNDLE_IDENTIFIER = "Talla-Speciality.Talla-Admin";
				PRODUCT_NAME = "$(TARGET_NAME)";
				SDKROOT = iphoneos;
				SUPPORTED_PLATFORMS = "iphoneos iphonesimulator";
				SUPPORTS_MACCATALYST = NO;
				SWIFT_APPROACHABLE_CONCURRENCY = YES;
				SWIFT_DEFAULT_ACTOR_ISOLATION = MainActor;
				SWIFT_EMIT_LOC_STRINGS = YES;
				SWIFT_UPCOMING_FEATURE_MEMBER_IMPORT_VISIBILITY = YES;
				SWIFT_VERSION = 5.0;
				TARGETED_DEVICE_FAMILY = "1,2";
				VALIDATE_PRODUCT = YES;
			};
			name = Release;
		};
		E08588672FD959E5003B3E9D /* Debug */ = {
			isa = XCBuildConfiguration;
			buildSettings = {
				ASSETCATALOG_COMPILER_GLOBAL_ACCENT_COLOR_NAME = AccentColor;
				ASSETCATALOG_COMPILER_WIDGET_BACKGROUND_COLOR_NAME = WidgetBackground;
				CODE_SIGN_ENTITLEMENTS = "Talla WidgetsExtension.entitlements";
				CODE_SIGN_IDENTITY = "Apple Development";
				CODE_SIGN_STYLE = Automatic;
				CURRENT_PROJECT_VERSION = 11;
				DEVELOPMENT_TEAM = TAG9WXY85M;
				GENERATE_INFOPLIST_FILE = YES;
				INFOPLIST_FILE = "Talla Widgets/Info.plist";
				INFOPLIST_KEY_CFBundleDisplayName = "Talla Widgets";
				INFOPLIST_KEY_NSHumanReadableCopyright = "";
				IPHONEOS_DEPLOYMENT_TARGET = 17.0;
				LD_RUNPATH_SEARCH_PATHS = (
					"$(inherited)",
					"@executable_path/Frameworks",
					"@executable_path/../../Frameworks",
				);
				MARKETING_VERSION = 2.2;
				PRODUCT_BUNDLE_IDENTIFIER = "Talla-Speciality.Talla-Speciality.Talla-Widgets";
				PRODUCT_NAME = "$(TARGET_NAME)";
				SDKROOT = iphoneos;
				SKIP_INSTALL = YES;
				STRING_CATALOG_GENERATE_SYMBOLS = YES;
				SUPPORTED_PLATFORMS = "iphoneos iphonesimulator";
				SUPPORTS_MACCATALYST = NO;
				SUPPORTS_XR_DESIGNED_FOR_IPHONE_IPAD = NO;
				SWIFT_APPROACHABLE_CONCURRENCY = YES;
				SWIFT_EMIT_LOC_STRINGS = YES;
				SWIFT_UPCOMING_FEATURE_MEMBER_IMPORT_VISIBILITY = YES;
				SWIFT_VERSION = 5.0;
				TARGETED_DEVICE_FAMILY = "1,2";
			};
			name = Debug;
		};
		E08588682FD959E5003B3E9D /* Release */ = {
			isa = XCBuildConfiguration;
			buildSettings = {
				ASSETCATALOG_COMPILER_GLOBAL_ACCENT_COLOR_NAME = AccentColor;
				ASSETCATALOG_COMPILER_WIDGET_BACKGROUND_COLOR_NAME = WidgetBackground;
				CODE_SIGN_ENTITLEMENTS = "Talla WidgetsExtension.entitlements";
				CODE_SIGN_IDENTITY = "Apple Development";
				CODE_SIGN_STYLE = Automatic;
				CURRENT_PROJECT_VERSION = 11;
				DEVELOPMENT_TEAM = TAG9WXY85M;
				GENERATE_INFOPLIST_FILE = YES;
				INFOPLIST_FILE = "Talla Widgets/Info.plist";
				INFOPLIST_KEY_CFBundleDisplayName = "Talla Widgets";
				INFOPLIST_KEY_NSHumanReadableCopyright = "";
				IPHONEOS_DEPLOYMENT_TARGET = 17.0;
				LD_RUNPATH_SEARCH_PATHS = (
					"$(inherited)",
					"@executable_path/Frameworks",
					"@executable_path/../../Frameworks",
				);
				MARKETING_VERSION = 2.2;
				PRODUCT_BUNDLE_IDENTIFIER = "Talla-Speciality.Talla-Speciality.Talla-Widgets";
				PRODUCT_NAME = "$(TARGET_NAME)";
				SDKROOT = iphoneos;
				SKIP_INSTALL = YES;
				STRING_CATALOG_GENERATE_SYMBOLS = YES;
				SUPPORTED_PLATFORMS = "iphoneos iphonesimulator";
				SUPPORTS_MACCATALYST = NO;
				SUPPORTS_XR_DESIGNED_FOR_IPHONE_IPAD = NO;
				SWIFT_APPROACHABLE_CONCURRENCY = YES;
				SWIFT_EMIT_LOC_STRINGS = YES;
				SWIFT_UPCOMING_FEATURE_MEMBER_IMPORT_VISIBILITY = YES;
				SWIFT_VERSION = 5.0;
				TARGETED_DEVICE_FAMILY = "1,2";
				VALIDATE_PRODUCT = YES;
			};
			name = Release;
		};
		E08D10CE2F66FF170092272C /* Debug */ = {
			isa = XCBuildConfiguration;
			baseConfigurationReference = FC30000130C0000000000001 /* Config/BenefitPay.xcconfig */;
			buildSettings = {
				APP_ATTEST_ENVIRONMENT = development;
				ASSETCATALOG_COMPILER_APPICON_NAME = AppIcon;
				ASSETCATALOG_COMPILER_GLOBAL_ACCENT_COLOR_NAME = AccentColor;
				ASSETCATALOG_COMPILER_INCLUDE_ALL_APPICON_ASSETS = YES;
				CODE_SIGN_ENTITLEMENTS = "Talla Speciality/Talla Speciality.entitlements";
				CODE_SIGN_IDENTITY = "Apple Development";
				CODE_SIGN_STYLE = Automatic;
				CURRENT_PROJECT_VERSION = 11;
				DEAD_CODE_STRIPPING = YES;
				DEVELOPMENT_TEAM = TAG9WXY85M;
				ENABLE_APP_SANDBOX = YES;
				ENABLE_HARDENED_RUNTIME = YES;
				ENABLE_PREVIEWS = YES;
				ENABLE_USER_SELECTED_FILES = readonly;
				GENERATE_INFOPLIST_FILE = YES;
				INFOPLIST_FILE = "Talla Speciality/Info.plist";
				INFOPLIST_KEY_CFBundleDisplayName = "Talla Speciality";
				INFOPLIST_KEY_LSApplicationCategoryType = "public.app-category.shopping";
				INFOPLIST_KEY_NSBluetoothAlwaysUsageDescription = "Talla Speciality connects to supported Acaia, BOOKOO, GOAT STORY GINA, HIROIA, and MANTABREW scales to show live weight and flow during guided brews.";
				INFOPLIST_KEY_NSCameraUsageDescription = "Talla uses the camera to scan codes and support in-app ordering features.";
				INFOPLIST_KEY_NSLocalNetworkUsageDescription = "Talla Speciality connects to your local development server so account, loyalty, and order features can be tested on this device.";
				INFOPLIST_KEY_NSPhotoLibraryUsageDescription = "Talla Speciality lets you choose a coffee or setup photo so the concierge can suggest better products and brewing guidance.";
				INFOPLIST_KEY_NSSupportsLiveActivities = YES;
				"INFOPLIST_KEY_UIApplicationSceneManifest_Generation[sdk=iphoneos*]" = YES;
				"INFOPLIST_KEY_UIApplicationSceneManifest_Generation[sdk=iphonesimulator*]" = YES;
				"INFOPLIST_KEY_UIApplicationSupportsIndirectInputEvents[sdk=iphoneos*]" = YES;
				"INFOPLIST_KEY_UIApplicationSupportsIndirectInputEvents[sdk=iphonesimulator*]" = YES;
				"INFOPLIST_KEY_UILaunchScreen_Generation[sdk=iphoneos*]" = YES;
				"INFOPLIST_KEY_UILaunchScreen_Generation[sdk=iphonesimulator*]" = YES;
				"INFOPLIST_KEY_UIStatusBarStyle[sdk=iphoneos*]" = UIStatusBarStyleDefault;
				"INFOPLIST_KEY_UIStatusBarStyle[sdk=iphonesimulator*]" = UIStatusBarStyleDefault;
				INFOPLIST_KEY_UISupportedInterfaceOrientations = "UIInterfaceOrientationLandscapeLeft UIInterfaceOrientationLandscapeRight UIInterfaceOrientationPortrait";
				INFOPLIST_KEY_UISupportedInterfaceOrientations_iPad = "UIInterfaceOrientationLandscapeLeft UIInterfaceOrientationLandscapeRight UIInterfaceOrientationPortrait UIInterfaceOrientationPortraitUpsideDown";
				IPHONEOS_DEPLOYMENT_TARGET = 17.0;
				LD_RUNPATH_SEARCH_PATHS = "@executable_path/Frameworks";
				"LD_RUNPATH_SEARCH_PATHS[sdk=macosx*]" = "@executable_path/../Frameworks";
				MACOSX_DEPLOYMENT_TARGET = 26.0;
				MARKETING_VERSION = 2.2;
				PRODUCT_BUNDLE_IDENTIFIER = "Talla-Speciality.Talla-Speciality";
				PRODUCT_NAME = "$(TARGET_NAME)";
				PROVISIONING_PROFILE_SPECIFIER = "";
				REGISTER_APP_GROUPS = YES;
				SDKROOT = auto;
				STRING_CATALOG_GENERATE_SYMBOLS = YES;
				SUPPORTED_PLATFORMS = "iphoneos iphonesimulator";
				SUPPORTS_MACCATALYST = NO;
				SUPPORTS_MAC_DESIGNED_FOR_IPHONE_IPAD = YES;
				SWIFT_APPROACHABLE_CONCURRENCY = YES;
				SWIFT_DEFAULT_ACTOR_ISOLATION = MainActor;
				SWIFT_EMIT_LOC_STRINGS = YES;
				SWIFT_UPCOMING_FEATURE_MEMBER_IMPORT_VISIBILITY = YES;
				SWIFT_VERSION = 5.0;
				TARGETED_DEVICE_FAMILY = "1,2";
				XROS_DEPLOYMENT_TARGET = 26.0;
			};
			name = Debug;
		};
		E08D10CF2F66FF170092272C /* Release */ = {
			isa = XCBuildConfiguration;
			baseConfigurationReference = FC30000130C0000000000001 /* Config/BenefitPay.xcconfig */;
			buildSettings = {
				APP_ATTEST_ENVIRONMENT = production;
				ASSETCATALOG_COMPILER_APPICON_NAME = AppIcon;
				ASSETCATALOG_COMPILER_GLOBAL_ACCENT_COLOR_NAME = AccentColor;
				ASSETCATALOG_COMPILER_INCLUDE_ALL_APPICON_ASSETS = YES;
				CODE_SIGN_ENTITLEMENTS = "Talla Speciality/Talla Speciality.entitlements";
				CODE_SIGN_STYLE = Automatic;
				CURRENT_PROJECT_VERSION = 11;
				DEAD_CODE_STRIPPING = YES;
				DEVELOPMENT_TEAM = TAG9WXY85M;
				ENABLE_APP_SANDBOX = YES;
				ENABLE_HARDENED_RUNTIME = YES;
				ENABLE_PREVIEWS = YES;
				ENABLE_USER_SELECTED_FILES = readonly;
				GENERATE_INFOPLIST_FILE = YES;
				INFOPLIST_FILE = "Talla Speciality/Info.plist";
				INFOPLIST_KEY_CFBundleDisplayName = "Talla Speciality";
				INFOPLIST_KEY_LSApplicationCategoryType = "public.app-category.shopping";
				INFOPLIST_KEY_NSBluetoothAlwaysUsageDescription = "Talla Speciality connects to supported Acaia, BOOKOO, GOAT STORY GINA, HIROIA, and MANTABREW scales to show live weight and flow during guided brews.";
				INFOPLIST_KEY_NSCameraUsageDescription = "Talla uses the camera to scan codes and support in-app ordering features.";
				INFOPLIST_KEY_NSLocalNetworkUsageDescription = "Talla Speciality connects to your local development server so account, loyalty, and order features can be tested on this device.";
				INFOPLIST_KEY_NSPhotoLibraryUsageDescription = "Talla Speciality lets you choose a coffee or setup photo so the concierge can suggest better products and brewing guidance.";
				INFOPLIST_KEY_NSSupportsLiveActivities = YES;
				"INFOPLIST_KEY_UIApplicationSceneManifest_Generation[sdk=iphoneos*]" = YES;
				"INFOPLIST_KEY_UIApplicationSceneManifest_Generation[sdk=iphonesimulator*]" = YES;
				"INFOPLIST_KEY_UIApplicationSupportsIndirectInputEvents[sdk=iphoneos*]" = YES;
				"INFOPLIST_KEY_UIApplicationSupportsIndirectInputEvents[sdk=iphonesimulator*]" = YES;
				"INFOPLIST_KEY_UILaunchScreen_Generation[sdk=iphoneos*]" = YES;
				"INFOPLIST_KEY_UILaunchScreen_Generation[sdk=iphonesimulator*]" = YES;
				"INFOPLIST_KEY_UIStatusBarStyle[sdk=iphoneos*]" = UIStatusBarStyleDefault;
				"INFOPLIST_KEY_UIStatusBarStyle[sdk=iphonesimulator*]" = UIStatusBarStyleDefault;
				INFOPLIST_KEY_UISupportedInterfaceOrientations = "UIInterfaceOrientationLandscapeLeft UIInterfaceOrientationLandscapeRight UIInterfaceOrientationPortrait";
				INFOPLIST_KEY_UISupportedInterfaceOrientations_iPad = "UIInterfaceOrientationLandscapeLeft UIInterfaceOrientationLandscapeRight UIInterfaceOrientationPortrait UIInterfaceOrientationPortraitUpsideDown";
				IPHONEOS_DEPLOYMENT_TARGET = 17.0;
				LD_RUNPATH_SEARCH_PATHS = "@executable_path/Frameworks";
				"LD_RUNPATH_SEARCH_PATHS[sdk=macosx*]" = "@executable_path/../Frameworks";
				MACOSX_DEPLOYMENT_TARGET = 26.0;
				MARKETING_VERSION = 2.2;
				PRODUCT_BUNDLE_IDENTIFIER = "Talla-Speciality.Talla-Speciality";
				PRODUCT_NAME = "$(TARGET_NAME)";
				PROVISIONING_PROFILE_SPECIFIER = "";
				REGISTER_APP_GROUPS = YES;
				SDKROOT = auto;
				STRING_CATALOG_GENERATE_SYMBOLS = YES;
				SUPPORTED_PLATFORMS = "iphoneos iphonesimulator";
				SUPPORTS_MACCATALYST = NO;
				SUPPORTS_MAC_DESIGNED_FOR_IPHONE_IPAD = YES;
				SWIFT_APPROACHABLE_CONCURRENCY = YES;
				SWIFT_DEFAULT_ACTOR_ISOLATION = MainActor;
				SWIFT_EMIT_LOC_STRINGS = YES;
				SWIFT_UPCOMING_FEATURE_MEMBER_IMPORT_VISIBILITY = YES;
				SWIFT_VERSION = 5.0;
				TARGETED_DEVICE_FAMILY = "1,2";
				XROS_DEPLOYMENT_TARGET = 26.0;
			};
			name = Release;
		};
		E08D10D02F66FF170092272C /* Debug */ = {
			isa = XCBuildConfiguration;
			buildSettings = {
				ALWAYS_SEARCH_USER_PATHS = NO;
				ASSETCATALOG_COMPILER_GENERATE_SWIFT_ASSET_SYMBOL_EXTENSIONS = YES;
				CLANG_ANALYZER_NONNULL = YES;
				CLANG_ANALYZER_NUMBER_OBJECT_CONVERSION = YES_AGGRESSIVE;
				CLANG_CXX_LANGUAGE_STANDARD = "gnu++20";
				CLANG_ENABLE_MODULES = YES;
				CLANG_ENABLE_OBJC_ARC = YES;
				CLANG_ENABLE_OBJC_WEAK = YES;
				CLANG_WARN_BLOCK_CAPTURE_AUTORELEASING = YES;
				CLANG_WARN_BOOL_CONVERSION = YES;
				CLANG_WARN_COMMA = YES;
				CLANG_WARN_CONSTANT_CONVERSION = YES;
				CLANG_WARN_DEPRECATED_OBJC_IMPLEMENTATIONS = YES;
				CLANG_WARN_DIRECT_OBJC_ISA_USAGE = YES_ERROR;
				CLANG_WARN_DOCUMENTATION_COMMENTS = YES;
				CLANG_WARN_EMPTY_BODY = YES;
				CLANG_WARN_ENUM_CONVERSION = YES;
				CLANG_WARN_INFINITE_RECURSION = YES;
				CLANG_WARN_INT_CONVERSION = YES;
				CLANG_WARN_NON_LITERAL_NULL_CONVERSION = YES;
				CLANG_WARN_OBJC_IMPLICIT_RETAIN_SELF = YES;
				CLANG_WARN_OBJC_LITERAL_CONVERSION = YES;
				CLANG_WARN_OBJC_ROOT_CLASS = YES_ERROR;
				CLANG_WARN_QUOTED_INCLUDE_IN_FRAMEWORK_HEADER = YES;
				CLANG_WARN_RANGE_LOOP_ANALYSIS = YES;
				CLANG_WARN_STRICT_PROTOTYPES = YES;
				CLANG_WARN_SUSPICIOUS_MOVE = YES;
				CLANG_WARN_UNGUARDED_AVAILABILITY = YES_AGGRESSIVE;
				CLANG_WARN_UNREACHABLE_CODE = YES;
				CLANG_WARN__DUPLICATE_METHOD_MATCH = YES;
				COPY_PHASE_STRIP = NO;
				DEAD_CODE_STRIPPING = YES;
				DEBUG_INFORMATION_FORMAT = dwarf;
				DEVELOPMENT_TEAM = TAG9WXY85M;
				ENABLE_STRICT_OBJC_MSGSEND = YES;
				ENABLE_TESTABILITY = YES;
				ENABLE_USER_SCRIPT_SANDBOXING = YES;
				GCC_C_LANGUAGE_STANDARD = gnu17;
				GCC_DYNAMIC_NO_PIC = NO;
				GCC_NO_COMMON_BLOCKS = YES;
				GCC_OPTIMIZATION_LEVEL = 0;
				GCC_PREPROCESSOR_DEFINITIONS = (
					"DEBUG=1",
					"$(inherited)",
				);
				GCC_WARN_64_TO_32_BIT_CONVERSION = YES;
				GCC_WARN_ABOUT_RETURN_TYPE = YES_ERROR;
				GCC_WARN_UNDECLARED_SELECTOR = YES;
				GCC_WARN_UNINITIALIZED_AUTOS = YES_AGGRESSIVE;
				GCC_WARN_UNUSED_FUNCTION = YES;
				GCC_WARN_UNUSED_VARIABLE = YES;
				LOCALIZATION_PREFERS_STRING_CATALOGS = YES;
				MTL_ENABLE_DEBUG_INFO = INCLUDE_SOURCE;
				MTL_FAST_MATH = YES;
				ONLY_ACTIVE_ARCH = YES;
				STRING_CATALOG_GENERATE_SYMBOLS = YES;
				SWIFT_ACTIVE_COMPILATION_CONDITIONS = "DEBUG $(inherited)";
				SWIFT_OPTIMIZATION_LEVEL = "-Onone";
			};
			name = Debug;
		};
		E08D10D12F66FF170092272C /* Release */ = {
			isa = XCBuildConfiguration;
			buildSettings = {
				ALWAYS_SEARCH_USER_PATHS = NO;
				ASSETCATALOG_COMPILER_GENERATE_SWIFT_ASSET_SYMBOL_EXTENSIONS = YES;
				CLANG_ANALYZER_NONNULL = YES;
				CLANG_ANALYZER_NUMBER_OBJECT_CONVERSION = YES_AGGRESSIVE;
				CLANG_CXX_LANGUAGE_STANDARD = "gnu++20";
				CLANG_ENABLE_MODULES = YES;
				CLANG_ENABLE_OBJC_ARC = YES;
				CLANG_ENABLE_OBJC_WEAK = YES;
				CLANG_WARN_BLOCK_CAPTURE_AUTORELEASING = YES;
				CLANG_WARN_BOOL_CONVERSION = YES;
				CLANG_WARN_COMMA = YES;
				CLANG_WARN_CONSTANT_CONVERSION = YES;
				CLANG_WARN_DEPRECATED_OBJC_IMPLEMENTATIONS = YES;
				CLANG_WARN_DIRECT_OBJC_ISA_USAGE = YES_ERROR;
				CLANG_WARN_DOCUMENTATION_COMMENTS = YES;
				CLANG_WARN_EMPTY_BODY = YES;
				CLANG_WARN_ENUM_CONVERSION = YES;
				CLANG_WARN_INFINITE_RECURSION = YES;
				CLANG_WARN_INT_CONVERSION = YES;
				CLANG_WARN_NON_LITERAL_NULL_CONVERSION = YES;
				CLANG_WARN_OBJC_IMPLICIT_RETAIN_SELF = YES;
				CLANG_WARN_OBJC_LITERAL_CONVERSION = YES;
				CLANG_WARN_OBJC_ROOT_CLASS = YES_ERROR;
				CLANG_WARN_QUOTED_INCLUDE_IN_FRAMEWORK_HEADER = YES;
				CLANG_WARN_RANGE_LOOP_ANALYSIS = YES;
				CLANG_WARN_STRICT_PROTOTYPES = YES;
				CLANG_WARN_SUSPICIOUS_MOVE = YES;
				CLANG_WARN_UNGUARDED_AVAILABILITY = YES_AGGRESSIVE;
				CLANG_WARN_UNREACHABLE_CODE = YES;
				CLANG_WARN__DUPLICATE_METHOD_MATCH = YES;
				COPY_PHASE_STRIP = NO;
				DEAD_CODE_STRIPPING = YES;
				DEBUG_INFORMATION_FORMAT = "dwarf-with-dsym";
				DEVELOPMENT_TEAM = TAG9WXY85M;
				ENABLE_NS_ASSERTIONS = NO;
				ENABLE_STRICT_OBJC_MSGSEND = YES;
				ENABLE_USER_SCRIPT_SANDBOXING = YES;
				GCC_C_LANGUAGE_STANDARD = gnu17;
				GCC_NO_COMMON_BLOCKS = YES;
				GCC_WARN_64_TO_32_BIT_CONVERSION = YES;
				GCC_WARN_ABOUT_RETURN_TYPE = YES_ERROR;
				GCC_WARN_UNDECLARED_SELECTOR = YES;
				GCC_WARN_UNINITIALIZED_AUTOS = YES_AGGRESSIVE;
				GCC_WARN_UNUSED_FUNCTION = YES;
				GCC_WARN_UNUSED_VARIABLE = YES;
				LOCALIZATION_PREFERS_STRING_CATALOGS = YES;
				MTL_ENABLE_DEBUG_INFO = NO;
				MTL_FAST_MATH = YES;
				STRING_CATALOG_GENERATE_SYMBOLS = YES;
				SWIFT_COMPILATION_MODE = wholemodule;
			};
			name = Release;
		};
		E08D10D32F66FF170092272C /* Debug */ = {
			isa = XCBuildConfiguration;
			buildSettings = {
				BUNDLE_LOADER = "$(TEST_HOST)";
				CODE_SIGN_STYLE = Automatic;
				CURRENT_PROJECT_VERSION = 1;
				DEAD_CODE_STRIPPING = YES;
				DEVELOPMENT_TEAM = TAG9WXY85M;
				GENERATE_INFOPLIST_FILE = YES;
				IPHONEOS_DEPLOYMENT_TARGET = 17.0;
				MACOSX_DEPLOYMENT_TARGET = 26.0;
				MARKETING_VERSION = 1.0;
				PRODUCT_BUNDLE_IDENTIFIER = "Talla-Speciality.Talla-SpecialityTests";
				PRODUCT_NAME = "$(TARGET_NAME)";
				SDKROOT = auto;
				STRING_CATALOG_GENERATE_SYMBOLS = NO;
				SUPPORTED_PLATFORMS = "iphoneos iphonesimulator macosx xros xrsimulator";
				SWIFT_APPROACHABLE_CONCURRENCY = YES;
				SWIFT_EMIT_LOC_STRINGS = NO;
				SWIFT_UPCOMING_FEATURE_MEMBER_IMPORT_VISIBILITY = YES;
				SWIFT_VERSION = 5.0;
				TARGETED_DEVICE_FAMILY = 1;
				TEST_HOST = "$(BUILT_PRODUCTS_DIR)/Talla Speciality.app/$(BUNDLE_EXECUTABLE_FOLDER_PATH)/Talla Speciality";
				XROS_DEPLOYMENT_TARGET = 26.0;
			};
			name = Debug;
		};
		E08D10D42F66FF170092272C /* Release */ = {
			isa = XCBuildConfiguration;
			buildSettings = {
				BUNDLE_LOADER = "$(TEST_HOST)";
				CODE_SIGN_STYLE = Automatic;
				CURRENT_PROJECT_VERSION = 1;
				DEAD_CODE_STRIPPING = YES;
				DEVELOPMENT_TEAM = TAG9WXY85M;
				GENERATE_INFOPLIST_FILE = YES;
				IPHONEOS_DEPLOYMENT_TARGET = 17.0;
				MACOSX_DEPLOYMENT_TARGET = 26.0;
				MARKETING_VERSION = 1.0;
				PRODUCT_BUNDLE_IDENTIFIER = "Talla-Speciality.Talla-SpecialityTests";
				PRODUCT_NAME = "$(TARGET_NAME)";
				SDKROOT = auto;
				STRING_CATALOG_GENERATE_SYMBOLS = NO;
				SUPPORTED_PLATFORMS = "iphoneos iphonesimulator macosx xros xrsimulator";
				SWIFT_APPROACHABLE_CONCURRENCY = YES;
				SWIFT_EMIT_LOC_STRINGS = NO;
				SWIFT_UPCOMING_FEATURE_MEMBER_IMPORT_VISIBILITY = YES;
				SWIFT_VERSION = 5.0;
				TARGETED_DEVICE_FAMILY = 1;
				TEST_HOST = "$(BUILT_PRODUCTS_DIR)/Talla Speciality.app/$(BUNDLE_EXECUTABLE_FOLDER_PATH)/Talla Speciality";
				XROS_DEPLOYMENT_TARGET = 26.0;
			};
			name = Release;
		};
		E08D10D62F66FF170092272C /* Debug */ = {
			isa = XCBuildConfiguration;
			buildSettings = {
				CODE_SIGN_STYLE = Automatic;
				CURRENT_PROJECT_VERSION = 1;
				DEAD_CODE_STRIPPING = YES;
				DEVELOPMENT_TEAM = TAG9WXY85M;
				GENERATE_INFOPLIST_FILE = YES;
				IPHONEOS_DEPLOYMENT_TARGET = 17.0;
				MACOSX_DEPLOYMENT_TARGET = 26.0;
				MARKETING_VERSION = 1.0;
				PRODUCT_BUNDLE_IDENTIFIER = "Talla-Speciality.Talla-SpecialityUITests";
				PRODUCT_NAME = "$(TARGET_NAME)";
				SDKROOT = auto;
				STRING_CATALOG_GENERATE_SYMBOLS = NO;
				SUPPORTED_PLATFORMS = "iphoneos iphonesimulator macosx xros xrsimulator";
				SWIFT_APPROACHABLE_CONCURRENCY = YES;
				SWIFT_EMIT_LOC_STRINGS = NO;
				SWIFT_UPCOMING_FEATURE_MEMBER_IMPORT_VISIBILITY = YES;
				SWIFT_VERSION = 5.0;
				TARGETED_DEVICE_FAMILY = 1;
				TEST_TARGET_NAME = "Talla Speciality";
				XROS_DEPLOYMENT_TARGET = 26.0;
			};
			name = Debug;
		};
		E08D10D72F66FF170092272C /* Release */ = {
			isa = XCBuildConfiguration;
			buildSettings = {
				CODE_SIGN_STYLE = Automatic;
				CURRENT_PROJECT_VERSION = 1;
				DEAD_CODE_STRIPPING = YES;
				DEVELOPMENT_TEAM = TAG9WXY85M;
				GENERATE_INFOPLIST_FILE = YES;
				IPHONEOS_DEPLOYMENT_TARGET = 17.0;
				MACOSX_DEPLOYMENT_TARGET = 26.0;
				MARKETING_VERSION = 1.0;
				PRODUCT_BUNDLE_IDENTIFIER = "Talla-Speciality.Talla-SpecialityUITests";
				PRODUCT_NAME = "$(TARGET_NAME)";
				SDKROOT = auto;
				STRING_CATALOG_GENERATE_SYMBOLS = NO;
				SUPPORTED_PLATFORMS = "iphoneos iphonesimulator macosx xros xrsimulator";
				SWIFT_APPROACHABLE_CONCURRENCY = YES;
				SWIFT_EMIT_LOC_STRINGS = NO;
				SWIFT_UPCOMING_FEATURE_MEMBER_IMPORT_VISIBILITY = YES;
				SWIFT_VERSION = 5.0;
				TARGETED_DEVICE_FAMILY = 1;
				TEST_TARGET_NAME = "Talla Speciality";
				XROS_DEPLOYMENT_TARGET = 26.0;
			};
			name = Release;
		};
		E09687CB3006F5AA001FBDAD /* Debug */ = {
			isa = XCBuildConfiguration;
			buildSettings = {
				ASSETCATALOG_COMPILER_APPICON_NAME = AppIcon;
				ASSETCATALOG_COMPILER_GLOBAL_ACCENT_COLOR_NAME = AccentColor;
				ASSETCATALOG_COMPILER_INCLUDE_ALL_APPICON_ASSETS = YES;
				CODE_SIGN_IDENTITY = "Apple Development";
				CODE_SIGN_STYLE = Automatic;
				CURRENT_PROJECT_VERSION = 11;
				DEVELOPMENT_TEAM = TAG9WXY85M;
				ENABLE_PREVIEWS = YES;
				GENERATE_INFOPLIST_FILE = YES;
				INFOPLIST_KEY_CFBundleDisplayName = Talla;
				INFOPLIST_KEY_UISupportedInterfaceOrientations = "UIInterfaceOrientationPortrait UIInterfaceOrientationPortraitUpsideDown";
				INFOPLIST_KEY_WKCompanionAppBundleIdentifier = "Talla-Speciality.Talla-Speciality";
				LD_RUNPATH_SEARCH_PATHS = (
					"$(inherited)",
					"@executable_path/Frameworks",
				);
				MARKETING_VERSION = 1.2;
				PRODUCT_BUNDLE_IDENTIFIER = "Talla-Speciality.Talla-Speciality.watchkitapp";
				PRODUCT_NAME = "$(TARGET_NAME)";
				SDKROOT = watchos;
				SKIP_INSTALL = YES;
				STRING_CATALOG_GENERATE_SYMBOLS = YES;
				SUPPORTED_PLATFORMS = "watchos watchsimulator";
				SWIFT_APPROACHABLE_CONCURRENCY = YES;
				SWIFT_DEFAULT_ACTOR_ISOLATION = MainActor;
				SWIFT_EMIT_LOC_STRINGS = YES;
				SWIFT_UPCOMING_FEATURE_MEMBER_IMPORT_VISIBILITY = YES;
				SWIFT_VERSION = 5.0;
				TARGETED_DEVICE_FAMILY = 4;
				WATCHOS_DEPLOYMENT_TARGET = 10.0;
			};
			name = Debug;
		};
		E09687CC3006F5AA001FBDAD /* Release */ = {
			isa = XCBuildConfiguration;
			buildSettings = {
				ASSETCATALOG_COMPILER_APPICON_NAME = AppIcon;
				ASSETCATALOG_COMPILER_GLOBAL_ACCENT_COLOR_NAME = AccentColor;
				ASSETCATALOG_COMPILER_INCLUDE_ALL_APPICON_ASSETS = YES;
				CODE_SIGN_IDENTITY = "Apple Development";
				CODE_SIGN_STYLE = Automatic;
				CURRENT_PROJECT_VERSION = 11;
				DEVELOPMENT_TEAM = TAG9WXY85M;
				ENABLE_PREVIEWS = YES;
				GENERATE_INFOPLIST_FILE = YES;
				INFOPLIST_KEY_CFBundleDisplayName = Talla;
				INFOPLIST_KEY_UISupportedInterfaceOrientations = "UIInterfaceOrientationPortrait UIInterfaceOrientationPortraitUpsideDown";
				INFOPLIST_KEY_WKCompanionAppBundleIdentifier = "Talla-Speciality.Talla-Speciality";
				LD_RUNPATH_SEARCH_PATHS = (
					"$(inherited)",
					"@executable_path/Frameworks",
				);
				MARKETING_VERSION = 1.2;
				PRODUCT_BUNDLE_IDENTIFIER = "Talla-Speciality.Talla-Speciality.watchkitapp";
				PRODUCT_NAME = "$(TARGET_NAME)";
				SDKROOT = watchos;
				SKIP_INSTALL = YES;
				STRING_CATALOG_GENERATE_SYMBOLS = YES;
				SUPPORTED_PLATFORMS = "watchos watchsimulator";
				SWIFT_APPROACHABLE_CONCURRENCY = YES;
				SWIFT_DEFAULT_ACTOR_ISOLATION = MainActor;
				SWIFT_EMIT_LOC_STRINGS = YES;
				SWIFT_UPCOMING_FEATURE_MEMBER_IMPORT_VISIBILITY = YES;
				SWIFT_VERSION = 5.0;
				TARGETED_DEVICE_FAMILY = 4;
				VALIDATE_PRODUCT = YES;
				WATCHOS_DEPLOYMENT_TARGET = 10.0;
			};
			name = Release;
		};
		E09687CF3006F5AA001FBDAD /* Debug */ = {
			isa = XCBuildConfiguration;
			buildSettings = {
				BUNDLE_LOADER = "$(TEST_HOST)";
				CODE_SIGN_STYLE = Automatic;
				CURRENT_PROJECT_VERSION = 1;
				DEVELOPMENT_TEAM = TAG9WXY85M;
				GENERATE_INFOPLIST_FILE = YES;
				MARKETING_VERSION = 1.0;
				PRODUCT_BUNDLE_IDENTIFIER = "Talla-Speciality.Talla-Watch-Watch-AppTests";
				PRODUCT_NAME = "$(TARGET_NAME)";
				SDKROOT = watchos;
				STRING_CATALOG_GENERATE_SYMBOLS = NO;
				SUPPORTED_PLATFORMS = "watchos watchsimulator";
				SWIFT_APPROACHABLE_CONCURRENCY = YES;
				SWIFT_EMIT_LOC_STRINGS = NO;
				SWIFT_UPCOMING_FEATURE_MEMBER_IMPORT_VISIBILITY = YES;
				SWIFT_VERSION = 5.0;
				TARGETED_DEVICE_FAMILY = 4;
				TEST_HOST = "$(BUILT_PRODUCTS_DIR)/Talla Watch Watch App.app/$(BUNDLE_EXECUTABLE_FOLDER_PATH)/Talla Watch Watch App";
				WATCHOS_DEPLOYMENT_TARGET = 10.0;
			};
			name = Debug;
		};
		E09687D03006F5AA001FBDAD /* Release */ = {
			isa = XCBuildConfiguration;
			buildSettings = {
				BUNDLE_LOADER = "$(TEST_HOST)";
				CODE_SIGN_STYLE = Automatic;
				CURRENT_PROJECT_VERSION = 1;
				DEVELOPMENT_TEAM = TAG9WXY85M;
				GENERATE_INFOPLIST_FILE = YES;
				MARKETING_VERSION = 1.0;
				PRODUCT_BUNDLE_IDENTIFIER = "Talla-Speciality.Talla-Watch-Watch-AppTests";
				PRODUCT_NAME = "$(TARGET_NAME)";
				SDKROOT = watchos;
				STRING_CATALOG_GENERATE_SYMBOLS = NO;
				SUPPORTED_PLATFORMS = "watchos watchsimulator";
				SWIFT_APPROACHABLE_CONCURRENCY = YES;
				SWIFT_EMIT_LOC_STRINGS = NO;
				SWIFT_UPCOMING_FEATURE_MEMBER_IMPORT_VISIBILITY = YES;
				SWIFT_VERSION = 5.0;
				TARGETED_DEVICE_FAMILY = 4;
				TEST_HOST = "$(BUILT_PRODUCTS_DIR)/Talla Watch Watch App.app/$(BUNDLE_EXECUTABLE_FOLDER_PATH)/Talla Watch Watch App";
				VALIDATE_PRODUCT = YES;
				WATCHOS_DEPLOYMENT_TARGET = 10.0;
			};
			name = Release;
		};
		E09687D23006F5AA001FBDAD /* Debug */ = {
			isa = XCBuildConfiguration;
			buildSettings = {
				CODE_SIGN_STYLE = Automatic;
				CURRENT_PROJECT_VERSION = 1;
				DEVELOPMENT_TEAM = TAG9WXY85M;
				GENERATE_INFOPLIST_FILE = YES;
				MARKETING_VERSION = 1.0;
				PRODUCT_BUNDLE_IDENTIFIER = "Talla-Speciality.Talla-Watch-Watch-AppUITests";
				PRODUCT_NAME = "$(TARGET_NAME)";
				SDKROOT = watchos;
				STRING_CATALOG_GENERATE_SYMBOLS = NO;
				SUPPORTED_PLATFORMS = "watchos watchsimulator";
				SWIFT_APPROACHABLE_CONCURRENCY = YES;
				SWIFT_EMIT_LOC_STRINGS = NO;
				SWIFT_UPCOMING_FEATURE_MEMBER_IMPORT_VISIBILITY = YES;
				SWIFT_VERSION = 5.0;
				TARGETED_DEVICE_FAMILY = 4;
				TEST_TARGET_NAME = "Talla Watch Watch App";
				WATCHOS_DEPLOYMENT_TARGET = 10.0;
			};
			name = Debug;
		};
		E09687D33006F5AA001FBDAD /* Release */ = {
			isa = XCBuildConfiguration;
			buildSettings = {
				CODE_SIGN_STYLE = Automatic;
				CURRENT_PROJECT_VERSION = 1;
				DEVELOPMENT_TEAM = TAG9WXY85M;
				GENERATE_INFOPLIST_FILE = YES;
				MARKETING_VERSION = 1.0;
				PRODUCT_BUNDLE_IDENTIFIER = "Talla-Speciality.Talla-Watch-Watch-AppUITests";
				PRODUCT_NAME = "$(TARGET_NAME)";
				SDKROOT = watchos;
				STRING_CATALOG_GENERATE_SYMBOLS = NO;
				SUPPORTED_PLATFORMS = "watchos watchsimulator";
				SWIFT_APPROACHABLE_CONCURRENCY = YES;
				SWIFT_EMIT_LOC_STRINGS = NO;
				SWIFT_UPCOMING_FEATURE_MEMBER_IMPORT_VISIBILITY = YES;
				SWIFT_VERSION = 5.0;
				TARGETED_DEVICE_FAMILY = 4;
				TEST_TARGET_NAME = "Talla Watch Watch App";
				VALIDATE_PRODUCT = YES;
				WATCHOS_DEPLOYMENT_TARGET = 10.0;
			};
			name = Release;
		};
		E09687E93007968E001FBDAD /* Debug */ = {
			isa = XCBuildConfiguration;
			buildSettings = {
				ASSETCATALOG_COMPILER_GLOBAL_ACCENT_COLOR_NAME = AccentColor;
				ASSETCATALOG_COMPILER_WIDGET_BACKGROUND_COLOR_NAME = WidgetBackground;
				CODE_SIGN_IDENTITY = "Apple Development";
				CODE_SIGN_STYLE = Automatic;
				CURRENT_PROJECT_VERSION = 11;
				DEVELOPMENT_TEAM = TAG9WXY85M;
				GENERATE_INFOPLIST_FILE = YES;
				INFOPLIST_FILE = "Talla Watch Widgets/Info.plist";
				INFOPLIST_KEY_CFBundleDisplayName = "Talla Watch Widgets";
				INFOPLIST_KEY_NSHumanReadableCopyright = "";
				LD_RUNPATH_SEARCH_PATHS = (
					"$(inherited)",
					"@executable_path/Frameworks",
					"@executable_path/../../Frameworks",
					"@executable_path/../../../../Frameworks",
				);
				MARKETING_VERSION = 1.2;
				PRODUCT_BUNDLE_IDENTIFIER = "Talla-Speciality.Talla-Speciality.watchkitapp.Talla-Watch-Widgets";
				PRODUCT_NAME = "$(TARGET_NAME)";
				SDKROOT = watchos;
				SKIP_INSTALL = YES;
				STRING_CATALOG_GENERATE_SYMBOLS = YES;
				SUPPORTED_PLATFORMS = "watchos watchsimulator";
				SWIFT_APPROACHABLE_CONCURRENCY = YES;
				SWIFT_EMIT_LOC_STRINGS = YES;
				SWIFT_UPCOMING_FEATURE_MEMBER_IMPORT_VISIBILITY = YES;
				SWIFT_VERSION = 5.0;
				TARGETED_DEVICE_FAMILY = 4;
				WATCHOS_DEPLOYMENT_TARGET = 10.0;
			};
			name = Debug;
		};
		E09687EA3007968E001FBDAD /* Release */ = {
			isa = XCBuildConfiguration;
			buildSettings = {
				ASSETCATALOG_COMPILER_GLOBAL_ACCENT_COLOR_NAME = AccentColor;
				ASSETCATALOG_COMPILER_WIDGET_BACKGROUND_COLOR_NAME = WidgetBackground;
				CODE_SIGN_IDENTITY = "Apple Development";
				CODE_SIGN_STYLE = Automatic;
				CURRENT_PROJECT_VERSION = 11;
				DEVELOPMENT_TEAM = TAG9WXY85M;
				GENERATE_INFOPLIST_FILE = YES;
				INFOPLIST_FILE = "Talla Watch Widgets/Info.plist";
				INFOPLIST_KEY_CFBundleDisplayName = "Talla Watch Widgets";
				INFOPLIST_KEY_NSHumanReadableCopyright = "";
				LD_RUNPATH_SEARCH_PATHS = (
					"$(inherited)",
					"@executable_path/Frameworks",
					"@executable_path/../../Frameworks",
					"@executable_path/../../../../Frameworks",
				);
				MARKETING_VERSION = 1.2;
				PRODUCT_BUNDLE_IDENTIFIER = "Talla-Speciality.Talla-Speciality.watchkitapp.Talla-Watch-Widgets";
				PRODUCT_NAME = "$(TARGET_NAME)";
				SDKROOT = watchos;
				SKIP_INSTALL = YES;
				STRING_CATALOG_GENERATE_SYMBOLS = YES;
				SUPPORTED_PLATFORMS = "watchos watchsimulator";
				SWIFT_APPROACHABLE_CONCURRENCY = YES;
				SWIFT_EMIT_LOC_STRINGS = YES;
				SWIFT_UPCOMING_FEATURE_MEMBER_IMPORT_VISIBILITY = YES;
				SWIFT_VERSION = 5.0;
				TARGETED_DEVICE_FAMILY = 4;
				VALIDATE_PRODUCT = YES;
				WATCHOS_DEPLOYMENT_TARGET = 10.0;
			};
			name = Release;
		};
/* End XCBuildConfiguration section */

/* Begin XCConfigurationList section */
		FAAD000A30E000000000000A /* Build configuration list for PBXNativeTarget "Talla Admin" */ = {
			isa = XCConfigurationList;
			buildConfigurations = (
				FAAD000830E0000000000008 /* Debug */,
				FAAD000930E0000000000009 /* Release */,
			);
			defaultConfigurationIsVisible = 0;
			defaultConfigurationName = Release;
		};
		E08588662FD959E5003B3E9D /* Build configuration list for PBXNativeTarget "Talla WidgetsExtension" */ = {
			isa = XCConfigurationList;
			buildConfigurations = (
				E08588672FD959E5003B3E9D /* Debug */,
				E08588682FD959E5003B3E9D /* Release */,
			);
			defaultConfigurationIsVisible = 0;
			defaultConfigurationName = Release;
		};
		E08D10A42F66FF140092272C /* Build configuration list for PBXProject "Talla Speciality" */ = {
			isa = XCConfigurationList;
			buildConfigurations = (
				E08D10D02F66FF170092272C /* Debug */,
				E08D10D12F66FF170092272C /* Release */,
			);
			defaultConfigurationIsVisible = 0;
			defaultConfigurationName = Release;
		};
		E08D10CD2F66FF170092272C /* Build configuration list for PBXNativeTarget "Talla Speciality" */ = {
			isa = XCConfigurationList;
			buildConfigurations = (
				E08D10CE2F66FF170092272C /* Debug */,
				E08D10CF2F66FF170092272C /* Release */,
			);
			defaultConfigurationIsVisible = 0;
			defaultConfigurationName = Release;
		};
		E08D10D22F66FF170092272C /* Build configuration list for PBXNativeTarget "Talla SpecialityTests" */ = {
			isa = XCConfigurationList;
			buildConfigurations = (
				E08D10D32F66FF170092272C /* Debug */,
				E08D10D42F66FF170092272C /* Release */,
			);
			defaultConfigurationIsVisible = 0;
			defaultConfigurationName = Release;
		};
		E08D10D52F66FF170092272C /* Build configuration list for PBXNativeTarget "Talla SpecialityUITests" */ = {
			isa = XCConfigurationList;
			buildConfigurations = (
				E08D10D62F66FF170092272C /* Debug */,
				E08D10D72F66FF170092272C /* Release */,
			);
			defaultConfigurationIsVisible = 0;
			defaultConfigurationName = Release;
		};
		E09687CA3006F5AA001FBDAD /* Build configuration list for PBXNativeTarget "Talla Watch Watch App" */ = {
			isa = XCConfigurationList;
			buildConfigurations = (
				E09687CB3006F5AA001FBDAD /* Debug */,
				E09687CC3006F5AA001FBDAD /* Release */,
			);
			defaultConfigurationIsVisible = 0;
			defaultConfigurationName = Release;
		};
		E09687CE3006F5AA001FBDAD /* Build configuration list for PBXNativeTarget "Talla Watch Watch AppTests" */ = {
			isa = XCConfigurationList;
			buildConfigurations = (
				E09687CF3006F5AA001FBDAD /* Debug */,
				E09687D03006F5AA001FBDAD /* Release */,
			);
			defaultConfigurationIsVisible = 0;
			defaultConfigurationName = Release;
		};
		E09687D13006F5AA001FBDAD /* Build configuration list for PBXNativeTarget "Talla Watch Watch AppUITests" */ = {
			isa = XCConfigurationList;
			buildConfigurations = (
				E09687D23006F5AA001FBDAD /* Debug */,
				E09687D33006F5AA001FBDAD /* Release */,
			);
			defaultConfigurationIsVisible = 0;
			defaultConfigurationName = Release;
		};
		E09687E83007968E001FBDAD /* Build configuration list for PBXNativeTarget "Talla Watch WidgetsExtension" */ = {
			isa = XCConfigurationList;
			buildConfigurations = (
				E09687E93007968E001FBDAD /* Debug */,
				E09687EA3007968E001FBDAD /* Release */,
			);
			defaultConfigurationIsVisible = 0;
			defaultConfigurationName = Release;
		};
/* End XCConfigurationList section */
	};
	rootObject = E08D10A12F66FF140092272C /* Project object */;
}
